// !$*UTF8*$!
{
	archiveVersion = 1;
	classes = {
	};
	objectVersion = 56;
	objects = {

/* Begin PBXBuildFile section */
		37DA0D442BD93CD6004E5766 /* AppDelegate.swift in Sources */ = {isa = PBXBuildFile; fileRef = 37DA0D432BD93CD6004E5766 /* AppDelegate.swift */; };
		37DA0D462BD93CD6004E5766 /* SceneDelegate.swift in Sources */ = {isa = PBXBuildFile; fileRef = 37DA0D452BD93CD6004E5766 /* SceneDelegate.swift */; };
		37DA0D482BD93CD6004E5766 /* ViewController.swift in Sources */ = {isa = PBXBuildFile; fileRef = 37DA0D472BD93CD6004E5766 /* ViewController.swift */; };
		37DA0D4D2BD93CD7004E5766 /* Assets.xcassets in Resources */ = {isa = PBXBuildFile; fileRef = 37DA0D4C2BD93CD7004E5766 /* Assets.xcassets */; };
		37DA0D502BD93CD7004E5766 /* Base in Resources */ = {isa = PBXBuildFile; fileRef = 37DA0D4F2BD93CD7004E5766 /* Base */; };
		37DA0D592BD94038004E5766 /* Post.swift in Sources */ = {isa = PBXBuildFile; fileRef = 37DA0D582BD94038004E5766 /* Post.swift */; };
		37DA0D602BD95390004E5766 /* PostCell.swift in Sources */ = {isa = PBXBuildFile; fileRef = 37DA0D5F2BD95390004E5766 /* PostCell.swift */; };
		37DA0D622BD9616F004E5766 /* PostUI.swift in Sources */ = {isa = PBXBuildFile; fileRef = 37DA0D612BD9616F004E5766 /* PostUI.swift */; };
		37DA0D652BD961DE004E5766 /* UIView.ext.swift in Sources */ = {isa = PBXBuildFile; fileRef = 37DA0D642BD961DE004E5766 /* UIView.ext.swift */; };
		37DA0D672BD9712F004E5766 /* UIImage.ext.swift in Sources */ = {isa = PBXBuildFile; fileRef = 37DA0D662BD9712F004E5766 /* UIImage.ext.swift */; };
/* End PBXBuildFile section */

/* Begin PBXFileReference section */
		37DA0D402BD93CD6004E5766 /* HW9.app */ = {isa = PBXFileReference; explicitFileType = wrapper.application; includeInIndex = 0; path = HW9.app; sourceTree = BUILT_PRODUCTS_DIR; };
		37DA0D432BD93CD6004E5766 /* AppDelegate.swift */ = {isa = PBXFileReference; lastKnownFileType = sourcecode.swift; path = AppDelegate.swift; sourceTree = "<group>"; };
		37DA0D452BD93CD6004E5766 /* SceneDelegate.swift */ = {isa = PBXFileReference; lastKnownFileType = sourcecode.swift; path = SceneDelegate.swift; sourceTree = "<group>"; };
		37DA0D472BD93CD6004E5766 /* ViewController.swift */ = {isa = PBXFileReference; lastKnownFileType = sourcecode.swift; path = ViewController.swift; sourceTree = "<group>"; };
		37DA0D4C2BD93CD7004E5766 /* Assets.xcassets */ = {isa = PBXFileReference; lastKnownFileType = folder.assetcatalog; path = Assets.xcassets; sourceTree = "<group>"; };
		37DA0D4F2BD93CD7004E5766 /* Base */ = {isa = PBXFileReference; lastKnownFileType = file.storyboard; name = Base; path = Base.lproj/LaunchScreen.storyboard; sourceTree = "<group>"; };
		37DA0D512BD93CD7004E5766 /* Info.plist */ = {isa = PBXFileReference; lastKnownFileType = text.plist.xml; path = Info.plist; sourceTree = "<group>"; };
		37DA0D582BD94038004E5766 /* Post.swift */ = {isa = PBXFileReference; lastKnownFileType = sourcecode.swift; path = Post.swift; sourceTree = "<group>"; };
		37DA0D5F2BD95390004E5766 /* PostCell.swift */ = {isa = PBXFileReference; lastKnownFileType = sourcecode.swift; path = PostCell.swift; sourceTree = "<group>"; };
		37DA0D612BD9616F004E5766 /* PostUI.swift */ = {isa = PBXFileReference; lastKnownFileType = sourcecode.swift; path = PostUI.swift; sourceTree = "<group>"; };
		37DA0D642BD961DE004E5766 /* UIView.ext.swift */ = {isa = PBXFileReference; lastKnownFileType = sourcecode.swift; path = UIView.ext.swift; sourceTree = "<group>"; };
		37DA0D662BD9712F004E5766 /* UIImage.ext.swift */ = {isa = PBXFileReference; lastKnownFileType = sourcecode.swift; path = UIImage.ext.swift; sourceTree = "<group>"; };
/* End PBXFileReference section */

/* Begin PBXFrameworksBuildPhase section */
		37DA0D3D2BD93CD6004E5766 /* Frameworks */ = {
			isa = PBXFrameworksBuildPhase;
			buildActionMask = 2147483647;
			files = (
			);
			runOnlyForDeploymentPostprocessing = 0;
		};
/* End PBXFrameworksBuildPhase section */

/* Begin PBXGroup section */
		37DA0D372BD93CD6004E5766 = {
			isa = PBXGroup;
			children = (
				37DA0D422BD93CD6004E5766 /* HW9 */,
				37DA0D412BD93CD6004E5766 /* Products */,
			);
			sourceTree = "<group>";
		};
		37DA0D412BD93CD6004E5766 /* Products */ = {
			isa = PBXGroup;
			children = (
				37DA0D402BD93CD6004E5766 /* HW9.app */,
			);
			name = Products;
			sourceTree = "<group>";
		};
		37DA0D422BD93CD6004E5766 /* HW9 */ = {
			isa = PBXGroup;
			children = (
				37DA0D632BD961CA004E5766 /* Extensions */,
				37DA0D5D2BD95377004E5766 /* View */,
				37DA0D572BD94019004E5766 /* Model */,
				37DA0D432BD93CD6004E5766 /* AppDelegate.swift */,
				37DA0D452BD93CD6004E5766 /* SceneDelegate.swift */,
				37DA0D472BD93CD6004E5766 /* ViewController.swift */,
				37DA0D612BD9616F004E5766 /* PostUI.swift */,
				37DA0D4C2BD93CD7004E5766 /* Assets.xcassets */,
				37DA0D4E2BD93CD7004E5766 /* LaunchScreen.storyboard */,
				37DA0D512BD93CD7004E5766 /* Info.plist */,
			);
			path = HW9;
			sourceTree = "<group>";
		};
		37DA0D572BD94019004E5766 /* Model */ = {
			isa = PBXGroup;
			children = (
				37DA0D582BD94038004E5766 /* Post.swift */,
			);
			path = Model;
			sourceTree = "<group>";
		};
		37DA0D5D2BD95377004E5766 /* View */ = {
			isa = PBXGroup;
			children = (
				37DA0D5F2BD95390004E5766 /* PostCell.swift */,
			);
			path = View;
			sourceTree = "<group>";
		};
		37DA0D632BD961CA004E5766 /* Extensions */ = {
			isa = PBXGroup;
			children = (
				37DA0D642BD961DE004E5766 /* UIView.ext.swift */,
				37DA0D662BD9712F004E5766 /* UIImage.ext.swift */,
			);
			path = Extensions;
			sourceTree = "<group>";
		};
/* End PBXGroup section */

/* Begin PBXNativeTarget section */
		37DA0D3F2BD93CD6004E5766 /* HW9 */ = {
			isa = PBXNativeTarget;
			buildConfigurationList = 37DA0D542BD93CD7004E5766 /* Build configuration list for PBXNativeTarget "HW9" */;
			buildPhases = (
				37DA0D3C2BD93CD6004E5766 /* Sources */,
				37DA0D3D2BD93CD6004E5766 /* Frameworks */,
				37DA0D3E2BD93CD6004E5766 /* Resources */,
			);
			buildRules = (
			);
			dependencies = (
			);
			name = HW9;
			productName = HW9;
			productReference = 37DA0D402BD93CD6004E5766 /* HW9.app */;
			productType = "com.apple.product-type.application";
		};
/* End PBXNativeTarget section */

/* Begin PBXProject section */
		37DA0D382BD93CD6004E5766 /* Project object */ = {
			isa = PBXProject;
			attributes = {
				BuildIndependentTargetsInParallel = 1;
				LastSwiftUpdateCheck = 1530;
				LastUpgradeCheck = 1530;
				TargetAttributes = {
					37DA0D3F2BD93CD6004E5766 = {
						CreatedOnToolsVersion = 15.3;
					};
				};
			};
			buildConfigurationList = 37DA0D3B2BD93CD6004E5766 /* Build configuration list for PBXProject "HW9" */;
			compatibilityVersion = "Xcode 14.0";
			developmentRegion = en;
			hasScannedForEncodings = 0;
			knownRegions = (
				en,
				Base,
			);
			mainGroup = 37DA0D372BD93CD6004E5766;
			productRefGroup = 37DA0D412BD93CD6004E5766 /* Products */;
			projectDirPath = "";
			projectRoot = "";
			targets = (
				37DA0D3F2BD93CD6004E5766 /* HW9 */,
			);
		};
/* End PBXProject section */

/* Begin PBXResourcesBuildPhase section */
		37DA0D3E2BD93CD6004E5766 /* Resources */ = {
			isa = PBXResourcesBuildPhase;
			buildActionMask = 2147483647;
			files = (
				37DA0D4D2BD93CD7004E5766 /* Assets.xcassets in Resources */,
				37DA0D502BD93CD7004E5766 /* Base in Resources */,
			);
			runOnlyForDeploymentPostprocessing = 0;
		};
/* End PBXResourcesBuildPhase section */

/* Begin PBXSourcesBuildPhase section */
		37DA0D3C2BD93CD6004E5766 /* Sources */ = {
			isa = PBXSourcesBuildPhase;
			buildActionMask = 2147483647;
			files = (
				37DA0D482BD93CD6004E5766 /* ViewController.swift in Sources */,
				37DA0D442BD93CD6004E5766 /* AppDelegate.swift in Sources */,
				37DA0D602BD95390004E5766 /* PostCell.swift in Sources */,
				37DA0D622BD9616F004E5766 /* PostUI.swift in Sources */,
				37DA0D672BD9712F004E5766 /* UIImage.ext.swift in Sources */,
				37DA0D462BD93CD6004E5766 /* SceneDelegate.swift in Sources */,
				37DA0D592BD94038004E5766 /* Post.swift in Sources */,
				37DA0D652BD961DE004E5766 /* UIView.ext.swift in Sources */,
			);
			runOnlyForDeploymentPostprocessing = 0;
		};
/* End PBXSourcesBuildPhase section */

/* Begin PBXVariantGroup section */
		37DA0D4E2BD93CD7004E5766 /* LaunchScreen.storyboard */ = {
			isa = PBXVariantGroup;
			children = (
				37DA0D4F2BD93CD7004E5766 /* Base */,
			);
			name = LaunchScreen.storyboard;
			sourceTree = "<group>";
		};
/* End PBXVariantGroup section */

/* Begin XCBuildConfiguration section */
		37DA0D522BD93CD7004E5766 /* Debug */ = {
			isa = XCBuildConfiguration;
			buildSettings = {
				ALWAYS_SEARCH_USER_PATHS = NO;
				ASSETCATALOG_COMPILER_GENERATE_SWIFT_ASSET_SYMBOL_EXTENSIONS = YES;
				CLANG_ANALYZER_NONNULL = YES;
				CLANG_ANALYZER_NUMBER_OBJECT_CONVERSION = YES_AGGRESSIVE;
				CLANG_CXX_LANGUAGE_STANDARD = "gnu++20";
				CLANG_ENABLE_MODULES = YES;
				CLANG_ENABLE_OBJC_ARC = YES;
				CLANG_ENABLE_OBJC_WEAK = YES;
				CLANG_WARN_BLOCK_CAPTURE_AUTORELEASING = YES;
				CLANG_WARN_BOOL_CONVERSION = YES;
				CLANG_WARN_COMMA = YES;
				CLANG_WARN_CONSTANT_CONVERSION = YES;
				CLANG_WARN_DEPRECATED_OBJC_IMPLEMENTATIONS = YES;
				CLANG_WARN_DIRECT_OBJC_ISA_USAGE = YES_ERROR;
				CLANG_WARN_DOCUMENTATION_COMMENTS = YES;
				CLANG_WARN_EMPTY_BODY = YES;
				CLANG_WARN_ENUM_CONVERSION = YES;
				CLANG_WARN_INFINITE_RECURSION = YES;
				CLANG_WARN_INT_CONVERSION = YES;
				CLANG_WARN_NON_LITERAL_NULL_CONVERSION = YES;
				CLANG_WARN_OBJC_IMPLICIT_RETAIN_SELF = YES;
				CLANG_WARN_OBJC_LITERAL_CONVERSION = YES;
				CLANG_WARN_OBJC_ROOT_CLASS = YES_ERROR;
				CLANG_WARN_QUOTED_INCLUDE_IN_FRAMEWORK_HEADER = YES;
				CLANG_WARN_RANGE_LOOP_ANALYSIS = YES;
				CLANG_WARN_STRICT_PROTOTYPES = YES;
				CLANG_WARN_SUSPICIOUS_MOVE = YES;
				CLANG_WARN_UNGUARDED_AVAILABILITY = YES_AGGRESSIVE;
				CLANG_WARN_UNREACHABLE_CODE = YES;
				CLANG_WARN__DUPLICATE_METHOD_MATCH = YES;
				COPY_PHASE_STRIP = NO;
				DEBUG_INFORMATION_FORMAT = dwarf;
				ENABLE_STRICT_OBJC_MSGSEND = YES;
				ENABLE_TESTABILITY = YES;
				ENABLE_USER_SCRIPT_SANDBOXING = YES;
				GCC_C_LANGUAGE_STANDARD = gnu17;
				GCC_DYNAMIC_NO_PIC = NO;
				GCC_NO_COMMON_BLOCKS = YES;
				GCC_OPTIMIZATION_LEVEL = 0;
				GCC_PREPROCESSOR_DEFINITIONS = (
					"DEBUG=1",
					"$(inherited)",
				);
				GCC_WARN_64_TO_32_BIT_CONVERSION = YES;
				GCC_WARN_ABOUT_RETURN_TYPE = YES_ERROR;
				GCC_WARN_UNDECLARED_SELECTOR = YES;
				GCC_WARN_UNINITIALIZED_AUTOS = YES_AGGRESSIVE;
				GCC_WARN_UNUSED_FUNCTION = YES;
				GCC_WARN_UNUSED_VARIABLE = YES;
				IPHONEOS_DEPLOYMENT_TARGET = 17.4;
				LOCALIZATION_PREFERS_STRING_CATALOGS = YES;
				MTL_ENABLE_DEBUG_INFO = INCLUDE_SOURCE;
				MTL_FAST_MATH = YES;
				ONLY_ACTIVE_ARCH = YES;
				SDKROOT = iphoneos;
				SWIFT_ACTIVE_COMPILATION_CONDITIONS = "DEBUG $(inherited)";
				SWIFT_OPTIMIZATION_LEVEL = "-Onone";
			};
			name = Debug;
		};
		37DA0D532BD93CD7004E5766 /* Release */ = {
			isa = XCBuildConfiguration;
			buildSettings = {
				ALWAYS_SEARCH_USER_PATHS = NO;
				ASSETCATALOG_COMPILER_GENERATE_SWIFT_ASSET_SYMBOL_EXTENSIONS = YES;
				CLANG_ANALYZER_NONNULL = YES;
				CLANG_ANALYZER_NUMBER_OBJECT_CONVERSION = YES_AGGRESSIVE;
				CLANG_CXX_LANGUAGE_STANDARD = "gnu++20";
				CLANG_ENABLE_MODULES = YES;
				CLANG_ENABLE_OBJC_ARC = YES;
				CLANG_ENABLE_OBJC_WEAK = YES;
				CLANG_WARN_BLOCK_CAPTURE_AUTORELEASING = YES;
				CLANG_WARN_BOOL_CONVERSION = YES;
				CLANG_WARN_COMMA = YES;
				CLANG_WARN_CONSTANT_CONVERSION = YES;
				CLANG_WARN_DEPRECATED_OBJC_IMPLEMENTATIONS = YES;
				CLANG_WARN_DIRECT_OBJC_ISA_USAGE = YES_ERROR;
				CLANG_WARN_DOCUMENTATION_COMMENTS = YES;
				CLANG_WARN_EMPTY_BODY = YES;
				CLANG_WARN_ENUM_CONVERSION = YES;
				CLANG_WARN_INFINITE_RECURSION = YES;
				CLANG_WARN_INT_CONVERSION = YES;
				CLANG_WARN_NON_LITERAL_NULL_CONVERSION = YES;
				CLANG_WARN_OBJC_IMPLICIT_RETAIN_SELF = YES;
				CLANG_WARN_OBJC_LITERAL_CONVERSION = YES;
				CLANG_WARN_OBJC_ROOT_CLASS = YES_ERROR;
				CLANG_WARN_QUOTED_INCLUDE_IN_FRAMEWORK_HEADER = YES;
				CLANG_WARN_RANGE_LOOP_ANALYSIS = YES;
				CLANG_WARN_STRICT_PROTOTYPES = YES;
				CLANG_WARN_SUSPICIOUS_MOVE = YES;
				CLANG_WARN_UNGUARDED_AVAILABILITY = YES_AGGRESSIVE;
				CLANG_WARN_UNREACHABLE_CODE = YES;
				CLANG_WARN__DUPLICATE_METHOD_MATCH = YES;
				COPY_PHASE_STRIP = NO;
				DEBUG_INFORMATION_FORMAT = "dwarf-with-dsym";
				ENABLE_NS_ASSERTIONS = NO;
				ENABLE_STRICT_OBJC_MSGSEND = YES;
				ENABLE_USER_SCRIPT_SANDBOXING = YES;
				GCC_C_LANGUAGE_STANDARD = gnu17;
				GCC_NO_COMMON_BLOCKS = YES;
				GCC_WARN_64_TO_32_BIT_CONVERSION = YES;
				GCC_WARN_ABOUT_RETURN_TYPE = YES_ERROR;
				GCC_WARN_UNDECLARED_SELECTOR = YES;
				GCC_WARN_UNINITIALIZED_AUTOS = YES_AGGRESSIVE;
				GCC_WARN_UNUSED_FUNCTION = YES;
				GCC_WARN_UNUSED_VARIABLE = YES;
				IPHONEOS_DEPLOYMENT_TARGET = 17.4;
				LOCALIZATION_PREFERS_STRING_CATALOGS = YES;
				MTL_ENABLE_DEBUG_INFO = NO;
				MTL_FAST_MATH = YES;
				SDKROOT = iphoneos;
				SWIFT_COMPILATION_MODE = wholemodule;
				VALIDATE_PRODUCT = YES;
			};
			name = Release;
		};
		37DA0D552BD93CD7004E5766 /* Debug */ = {
			isa = XCBuildConfiguration;
			buildSettings = {
				ASSETCATALOG_COMPILER_APPICON_NAME = AppIcon;
				ASSETCATALOG_COMPILER_GLOBAL_ACCENT_COLOR_NAME = AccentColor;
				CODE_SIGN_STYLE = Automatic;
				CURRENT_PROJECT_VERSION = 1;
				DEVELOPMENT_TEAM = T3Y57V3BSA;
				GENERATE_INFOPLIST_FILE = YES;
				INFOPLIST_FILE = HW9/Info.plist;
				INFOPLIST_KEY_UIApplicationSupportsIndirectInputEvents = YES;
				INFOPLIST_KEY_UILaunchStoryboardName = LaunchScreen;
				INFOPLIST_KEY_UISupportedInterfaceOrientations_iPad = "UIInterfaceOrientationPortrait UIInterfaceOrientationPortraitUpsideDown UIInterfaceOrientationLandscapeLeft UIInterfaceOrientationLandscapeRight";
				INFOPLIST_KEY_UISupportedInterfaceOrientations_iPhone = "UIInterfaceOrientationPortrait UIInterfaceOrientationLandscapeLeft UIInterfaceOrientationLandscapeRight";
				LD_RUNPATH_SEARCH_PATHS = (
					"$(inherited)",
					"@executable_path/Frameworks",
				);
				MARKETING_VERSION = 1.0;
				PRODUCT_BUNDLE_IDENTIFIER = com.grad0ff.Developer.HW9;
				PRODUCT_NAME = "$(TARGET_NAME)";
				SWIFT_EMIT_LOC_STRINGS = YES;
				SWIFT_VERSION = 5.0;
				TARGETED_DEVICE_FAMILY = "1,2";
			};
			name = Debug;
		};
		37DA0D562BD93CD7004E5766 /* Release */ = {
			isa = XCBuildConfiguration;
			buildSettings = {
				ASSETCATALOG_COMPILER_APPICON_NAME = AppIcon;
				ASSETCATALOG_COMPILER_GLOBAL_ACCENT_COLOR_NAME = AccentColor;
				CODE_SIGN_STYLE = Automatic;
				CURRENT_PROJECT_VERSION = 1;
				DEVELOPMENT_TEAM = T3Y57V3BSA;
				GENERATE_INFOPLIST_FILE = YES;
				INFOPLIST_FILE = HW9/Info.plist;
				INFOPLIST_KEY_UIApplicationSupportsIndirectInputEvents = YES;
				INFOPLIST_KEY_UILaunchStoryboardName = LaunchScreen;
				INFOPLIST_KEY_UISupportedInterfaceOrientations_iPad = "UIInterfaceOrientationPortrait UIInterfaceOrientationPortraitUpsideDown UIInterfaceOrientationLandscapeLeft UIInterfaceOrientationLandscapeRight";
				INFOPLIST_KEY_UISupportedInterfaceOrientations_iPhone = "UIInterfaceOrientationPortrait UIInterfaceOrientationLandscapeLeft UIInterfaceOrientationLandscapeRight";
				LD_RUNPATH_SEARCH_PATHS = (
					"$(inherited)",
					"@executable_path/Frameworks",
				);
				MARKETING_VERSION = 1.0;
				PRODUCT_BUNDLE_IDENTIFIER = com.grad0ff.Developer.HW9;
				PRODUCT_NAME = "$(TARGET_NAME)";
				SWIFT_EMIT_LOC_STRINGS = YES;
				SWIFT_VERSION = 5.0;
				TARGETED_DEVICE_FAMILY = "1,2";
			};
			name = Release;
		};
/* End XCBuildConfiguration section */

/* Begin XCConfigurationList section */
		37DA0D3B2BD93CD6004E5766 /* Build configuration list for PBXProject "HW9" */ = {
			isa = XCConfigurationList;
			buildConfigurations = (
				37DA0D522BD93CD7004E5766 /* Debug */,
				37DA0D532BD93CD7004E5766 /* Release */,
			);
			defaultConfigurationIsVisible = 0;
			defaultConfigurationName = Release;
		};
		37DA0D542BD93CD7004E5766 /* Build configuration list for PBXNativeTarget "HW9" */ = {
			isa = XCConfigurationList;
			buildConfigurations = (
				37DA0D552BD93CD7004E5766 /* Debug */,
				37DA0D562BD93CD7004E5766 /* Release */,
			);
			defaultConfigurationIsVisible = 0;
			defaultConfigurationName = Release;
		};
/* End XCConfigurationList section */
	};
	rootObject = 37DA0D382BD93CD6004E5766 /* Project object */;
}
